
Microsoft Visual Studio Solution File, Format Version 12.00
# Visual Studio Version 17
VisualStudioVersion = 17.14.36221.1 d17.14
MinimumVisualStudioVersion = 10.0.40219.1
Project("{FAE04EC0-301F-11D3-BF4B-00C04F79EFBC}") = "Money.API", "Money.API.csproj", "{AD70992A-0597-4010-A4A4-4A5AB91371CD}"
EndProject
Global
	GlobalSection(SolutionConfigurationPlatforms) = preSolution
		Debug|Any CPU = Debug|Any CPU
		Release|Any CPU = Release|Any CPU
	EndGlobalSection
	GlobalSection(ProjectConfigurationPlatforms) = postSolution
		{AD70992A-0597-4010-A4A4-4A5AB91371CD}.Debug|Any CPU.ActiveCfg = Debug|Any CPU
		{AD70992A-0597-4010-A4A4-4A5AB91371CD}.Debug|Any CPU.Build.0 = Debug|Any CPU
		{AD70992A-0597-4010-A4A4-4A5AB91371CD}.Release|Any CPU.ActiveCfg = Release|Any CPU
		{AD70992A-0597-4010-A4A4-4A5AB91371CD}.Release|Any CPU.Build.0 = Release|Any CPU
	EndGlobalSection
	GlobalSection(SolutionProperties) = preSolution
		HideSolutionNode = FALSE
	EndGlobalSection
	GlobalSection(ExtensibilityGlobals) = postSolution
		SolutionGuid = {06EBD7CB-77ED-4483-8BAC-E509CF28A711}
	EndGlobalSection
EndGlobal
